// !$*UTF8*$!
{
	archiveVersion = 1;
	classes = {
	};
	objectVersion = 50;
	objects = {

/* Begin PBXBuildFile section */
		88772F432410835F00A4FDC3 /* AppDelegate.swift in Sources */ = {isa = PBXBuildFile; fileRef = 88772F422410835F00A4FDC3 /* AppDelegate.swift */; };
		88772F472410835F00A4FDC3 /* StripesView.swift in Sources */ = {isa = PBXBuildFile; fileRef = 88772F462410835F00A4FDC3 /* StripesView.swift */; };
		88772F4C2410836400A4FDC3 /* Assets.xcassets in Resources */ = {isa = PBXBuildFile; fileRef = 88772F4B2410836400A4FDC3 /* Assets.xcassets */; };
		88772F4F2410836400A4FDC3 /* LaunchScreen.storyboard in Resources */ = {isa = PBXBuildFile; fileRef = 88772F4D2410836400A4FDC3 /* LaunchScreen.storyboard */; };
		88772F5A2410836500A4FDC3 /* StripesTests.swift in Sources */ = {isa = PBXBuildFile; fileRef = 88772F592410836500A4FDC3 /* StripesTests.swift */; };
		88772F652410836500A4FDC3 /* StripesUITests.swift in Sources */ = {isa = PBXBuildFile; fileRef = 88772F642410836500A4FDC3 /* StripesUITests.swift */; };
		88772F742410839800A4FDC3 /* Store.swift in Sources */ = {isa = PBXBuildFile; fileRef = 88772F732410839800A4FDC3 /* Store.swift */; };
		88772F782416C57300A4FDC3 /* Colors.swift in Sources */ = {isa = PBXBuildFile; fileRef = 88772F772416C57300A4FDC3 /* Colors.swift */; };
		88772F8324172BBC00A4FDC3 /* QuestionPath.swift in Sources */ = {isa = PBXBuildFile; fileRef = 88772F8224172BBC00A4FDC3 /* QuestionPath.swift */; };
		88772F9024186D1B00A4FDC3 /* QuestionObserver.swift in Sources */ = {isa = PBXBuildFile; fileRef = 88772F8F24186D1B00A4FDC3 /* QuestionObserver.swift */; };
		88772F942419B59800A4FDC3 /* Extensions.swift in Sources */ = {isa = PBXBuildFile; fileRef = 88772F932419B59800A4FDC3 /* Extensions.swift */; };
		88772F99241C596F00A4FDC3 /* ButtonPopUp.swift in Sources */ = {isa = PBXBuildFile; fileRef = 88772F98241C596F00A4FDC3 /* ButtonPopUp.swift */; };
		88772F9D24211D5700A4FDC3 /* TabBarController.swift in Sources */ = {isa = PBXBuildFile; fileRef = 88772F9C24211D5700A4FDC3 /* TabBarController.swift */; };
		88772F9F2422CCAE00A4FDC3 /* GraphView.swift in Sources */ = {isa = PBXBuildFile; fileRef = 88772F9E2422CCAE00A4FDC3 /* GraphView.swift */; };
		88772FA12422CD0600A4FDC3 /* FormView.swift in Sources */ = {isa = PBXBuildFile; fileRef = 88772FA02422CD0600A4FDC3 /* FormView.swift */; };
		88772FA52424059A00A4FDC3 /* TextPopUp.swift in Sources */ = {isa = PBXBuildFile; fileRef = 88772FA42424059A00A4FDC3 /* TextPopUp.swift */; };
		88772FA72426E47A00A4FDC3 /* PopDelegate.swift in Sources */ = {isa = PBXBuildFile; fileRef = 88772FA62426E47A00A4FDC3 /* PopDelegate.swift */; };
		88798EA6245FAFFB0011B446 /* MessagePopUp.swift in Sources */ = {isa = PBXBuildFile; fileRef = 88798EA5245FAFFB0011B446 /* MessagePopUp.swift */; };
		88798EA9245FB0260011B446 /* PopUp.swift in Sources */ = {isa = PBXBuildFile; fileRef = 88798EA8245FB0260011B446 /* PopUp.swift */; };
		88798EAB246097400011B446 /* SwipeableScrollView.swift in Sources */ = {isa = PBXBuildFile; fileRef = 88798EAA246097400011B446 /* SwipeableScrollView.swift */; };
		88798EAE2462579F0011B446 /* SlidingButton.swift in Sources */ = {isa = PBXBuildFile; fileRef = 88798EAD2462579F0011B446 /* SlidingButton.swift */; };
		88798EB6246726510011B446 /* BaseDataView.swift in Sources */ = {isa = PBXBuildFile; fileRef = 88798EB5246726510011B446 /* BaseDataView.swift */; };
		88798EB8246762BB0011B446 /* TableDataView.swift in Sources */ = {isa = PBXBuildFile; fileRef = 88798EB7246762BB0011B446 /* TableDataView.swift */; };
		88798EBB2467797F0011B446 /* AddSymptomsPath.swift in Sources */ = {isa = PBXBuildFile; fileRef = 88798EBA2467797F0011B446 /* AddSymptomsPath.swift */; };
		88798EBD246B437B0011B446 /* SubmitView.swift in Sources */ = {isa = PBXBuildFile; fileRef = 88798EBC246B437B0011B446 /* SubmitView.swift */; };
		88798EBF246C6C500011B446 /* ImagePickerManager.swift in Sources */ = {isa = PBXBuildFile; fileRef = 88798EBE246C6C500011B446 /* ImagePickerManager.swift */; };
		88798EC1246C9C120011B446 /* RecentsView.swift in Sources */ = {isa = PBXBuildFile; fileRef = 88798EC0246C9C120011B446 /* RecentsView.swift */; };
		88798EC62470906D0011B446 /* AddEventsPath.swift in Sources */ = {isa = PBXBuildFile; fileRef = 88798EC52470906D0011B446 /* AddEventsPath.swift */; };
		88798ECC24718E380011B446 /* AddWeightHeightView.swift in Sources */ = {isa = PBXBuildFile; fileRef = 88798ECB24718E380011B446 /* AddWeightHeightView.swift */; };
		88B2896D247726B40080C64A /* AddTestPath.swift in Sources */ = {isa = PBXBuildFile; fileRef = 88B2896C247726B40080C64A /* AddTestPath.swift */; };
		88B28970247752AB0080C64A /* ViewAllTable.swift in Sources */ = {isa = PBXBuildFile; fileRef = 88B2896F247752AA0080C64A /* ViewAllTable.swift */; };
/* End PBXBuildFile section */

/* Begin PBXContainerItemProxy section */
		88772F562410836500A4FDC3 /* PBXContainerItemProxy */ = {
			isa = PBXContainerItemProxy;
			containerPortal = 88772F372410835E00A4FDC3 /* Project object */;
			proxyType = 1;
			remoteGlobalIDString = 88772F3E2410835E00A4FDC3;
			remoteInfo = Stripes;
		};
		88772F612410836500A4FDC3 /* PBXContainerItemProxy */ = {
			isa = PBXContainerItemProxy;
			containerPortal = 88772F372410835E00A4FDC3 /* Project object */;
			proxyType = 1;
			remoteGlobalIDString = 88772F3E2410835E00A4FDC3;
			remoteInfo = Stripes;
		};
/* End PBXContainerItemProxy section */

/* Begin PBXFileReference section */
		88772F3F2410835F00A4FDC3 /* Stripes.app */ = {isa = PBXFileReference; explicitFileType = wrapper.application; includeInIndex = 0; path = Stripes.app; sourceTree = BUILT_PRODUCTS_DIR; };
		88772F422410835F00A4FDC3 /* AppDelegate.swift */ = {isa = PBXFileReference; lastKnownFileType = sourcecode.swift; path = AppDelegate.swift; sourceTree = "<group>"; };
		88772F462410835F00A4FDC3 /* StripesView.swift */ = {isa = PBXFileReference; lastKnownFileType = sourcecode.swift; path = StripesView.swift; sourceTree = "<group>"; };
		88772F4B2410836400A4FDC3 /* Assets.xcassets */ = {isa = PBXFileReference; lastKnownFileType = folder.assetcatalog; path = Assets.xcassets; sourceTree = "<group>"; };
		88772F4E2410836400A4FDC3 /* Base */ = {isa = PBXFileReference; lastKnownFileType = file.storyboard; name = Base; path = Base.lproj/LaunchScreen.storyboard; sourceTree = "<group>"; };
		88772F502410836500A4FDC3 /* Info.plist */ = {isa = PBXFileReference; lastKnownFileType = text.plist.xml; path = Info.plist; sourceTree = "<group>"; };
		88772F552410836500A4FDC3 /* StripesTests.xctest */ = {isa = PBXFileReference; explicitFileType = wrapper.cfbundle; includeInIndex = 0; path = StripesTests.xctest; sourceTree = BUILT_PRODUCTS_DIR; };
		88772F592410836500A4FDC3 /* StripesTests.swift */ = {isa = PBXFileReference; lastKnownFileType = sourcecode.swift; path = StripesTests.swift; sourceTree = "<group>"; };
		88772F5B2410836500A4FDC3 /* Info.plist */ = {isa = PBXFileReference; lastKnownFileType = text.plist.xml; path = Info.plist; sourceTree = "<group>"; };
		88772F602410836500A4FDC3 /* StripesUITests.xctest */ = {isa = PBXFileReference; explicitFileType = wrapper.cfbundle; includeInIndex = 0; path = StripesUITests.xctest; sourceTree = BUILT_PRODUCTS_DIR; };
		88772F642410836500A4FDC3 /* StripesUITests.swift */ = {isa = PBXFileReference; lastKnownFileType = sourcecode.swift; path = StripesUITests.swift; sourceTree = "<group>"; };
		88772F662410836500A4FDC3 /* Info.plist */ = {isa = PBXFileReference; lastKnownFileType = text.plist.xml; path = Info.plist; sourceTree = "<group>"; };
		88772F732410839800A4FDC3 /* Store.swift */ = {isa = PBXFileReference; lastKnownFileType = sourcecode.swift; path = Store.swift; sourceTree = "<group>"; };
		88772F772416C57300A4FDC3 /* Colors.swift */ = {isa = PBXFileReference; lastKnownFileType = sourcecode.swift; path = Colors.swift; sourceTree = "<group>"; };
		88772F8224172BBC00A4FDC3 /* QuestionPath.swift */ = {isa = PBXFileReference; lastKnownFileType = sourcecode.swift; path = QuestionPath.swift; sourceTree = "<group>"; };
		88772F8924185B3400A4FDC3 /* Charts.framework */ = {isa = PBXFileReference; lastKnownFileType = wrapper.framework; path = Charts.framework; sourceTree = "<group>"; };
		88772F8B24185B4A00A4FDC3 /* SwiftKeychainWrapper.framework */ = {isa = PBXFileReference; lastKnownFileType = wrapper.framework; path = SwiftKeychainWrapper.framework; sourceTree = "<group>"; };
		88772F8F24186D1B00A4FDC3 /* QuestionObserver.swift */ = {isa = PBXFileReference; lastKnownFileType = sourcecode.swift; path = QuestionObserver.swift; sourceTree = "<group>"; };
		88772F932419B59800A4FDC3 /* Extensions.swift */ = {isa = PBXFileReference; lastKnownFileType = sourcecode.swift; path = Extensions.swift; sourceTree = "<group>"; };
		88772F98241C596F00A4FDC3 /* ButtonPopUp.swift */ = {isa = PBXFileReference; lastKnownFileType = sourcecode.swift; path = ButtonPopUp.swift; sourceTree = "<group>"; };
		88772F9C24211D5700A4FDC3 /* TabBarController.swift */ = {isa = PBXFileReference; lastKnownFileType = sourcecode.swift; path = TabBarController.swift; sourceTree = "<group>"; };
		88772F9E2422CCAE00A4FDC3 /* GraphView.swift */ = {isa = PBXFileReference; lastKnownFileType = sourcecode.swift; path = GraphView.swift; sourceTree = "<group>"; };
		88772FA02422CD0600A4FDC3 /* FormView.swift */ = {isa = PBXFileReference; lastKnownFileType = sourcecode.swift; path = FormView.swift; sourceTree = "<group>"; };
		88772FA42424059A00A4FDC3 /* TextPopUp.swift */ = {isa = PBXFileReference; lastKnownFileType = sourcecode.swift; path = TextPopUp.swift; sourceTree = "<group>"; };
		88772FA62426E47A00A4FDC3 /* PopDelegate.swift */ = {isa = PBXFileReference; lastKnownFileType = sourcecode.swift; path = PopDelegate.swift; sourceTree = "<group>"; };
		88798EA5245FAFFB0011B446 /* MessagePopUp.swift */ = {isa = PBXFileReference; lastKnownFileType = sourcecode.swift; path = MessagePopUp.swift; sourceTree = "<group>"; };
		88798EA8245FB0260011B446 /* PopUp.swift */ = {isa = PBXFileReference; lastKnownFileType = sourcecode.swift; path = PopUp.swift; sourceTree = "<group>"; };
		88798EAA246097400011B446 /* SwipeableScrollView.swift */ = {isa = PBXFileReference; lastKnownFileType = sourcecode.swift; path = SwipeableScrollView.swift; sourceTree = "<group>"; };
		88798EAD2462579F0011B446 /* SlidingButton.swift */ = {isa = PBXFileReference; lastKnownFileType = sourcecode.swift; path = SlidingButton.swift; sourceTree = "<group>"; };
		88798EB5246726510011B446 /* BaseDataView.swift */ = {isa = PBXFileReference; lastKnownFileType = sourcecode.swift; path = BaseDataView.swift; sourceTree = "<group>"; };
		88798EB7246762BB0011B446 /* TableDataView.swift */ = {isa = PBXFileReference; lastKnownFileType = sourcecode.swift; path = TableDataView.swift; sourceTree = "<group>"; };
		88798EBA2467797F0011B446 /* AddSymptomsPath.swift */ = {isa = PBXFileReference; lastKnownFileType = sourcecode.swift; path = AddSymptomsPath.swift; sourceTree = "<group>"; };
		88798EBC246B437B0011B446 /* SubmitView.swift */ = {isa = PBXFileReference; lastKnownFileType = sourcecode.swift; path = SubmitView.swift; sourceTree = "<group>"; };
		88798EBE246C6C500011B446 /* ImagePickerManager.swift */ = {isa = PBXFileReference; lastKnownFileType = sourcecode.swift; path = ImagePickerManager.swift; sourceTree = "<group>"; };
		88798EC0246C9C120011B446 /* RecentsView.swift */ = {isa = PBXFileReference; lastKnownFileType = sourcecode.swift; path = RecentsView.swift; sourceTree = "<group>"; };
		88798EC52470906D0011B446 /* AddEventsPath.swift */ = {isa = PBXFileReference; lastKnownFileType = sourcecode.swift; path = AddEventsPath.swift; sourceTree = "<group>"; };
		88798ECB24718E380011B446 /* AddWeightHeightView.swift */ = {isa = PBXFileReference; lastKnownFileType = sourcecode.swift; path = AddWeightHeightView.swift; sourceTree = "<group>"; };
		88B2896C247726B40080C64A /* AddTestPath.swift */ = {isa = PBXFileReference; lastKnownFileType = sourcecode.swift; path = AddTestPath.swift; sourceTree = "<group>"; };
		88B2896F247752AA0080C64A /* ViewAllTable.swift */ = {isa = PBXFileReference; lastKnownFileType = sourcecode.swift; path = ViewAllTable.swift; sourceTree = "<group>"; };
/* End PBXFileReference section */

/* Begin PBXFrameworksBuildPhase section */
		88772F3C2410835E00A4FDC3 /* Frameworks */ = {
			isa = PBXFrameworksBuildPhase;
			buildActionMask = 2147483647;
			files = (
			);
			runOnlyForDeploymentPostprocessing = 0;
		};
		88772F522410836500A4FDC3 /* Frameworks */ = {
			isa = PBXFrameworksBuildPhase;
			buildActionMask = 2147483647;
			files = (
			);
			runOnlyForDeploymentPostprocessing = 0;
		};
		88772F5D2410836500A4FDC3 /* Frameworks */ = {
			isa = PBXFrameworksBuildPhase;
			buildActionMask = 2147483647;
			files = (
			);
			runOnlyForDeploymentPostprocessing = 0;
		};
/* End PBXFrameworksBuildPhase section */

/* Begin PBXGroup section */
		88772F362410835E00A4FDC3 = {
			isa = PBXGroup;
			children = (
				88772F412410835F00A4FDC3 /* Stripes */,
				88772F582410836500A4FDC3 /* StripesTests */,
				88772F632410836500A4FDC3 /* StripesUITests */,
				88772F402410835F00A4FDC3 /* Products */,
				88772F8B24185B4A00A4FDC3 /* SwiftKeychainWrapper.framework */,
				88772F8924185B3400A4FDC3 /* Charts.framework */,
			);
			sourceTree = "<group>";
		};
		88772F402410835F00A4FDC3 /* Products */ = {
			isa = PBXGroup;
			children = (
				88772F3F2410835F00A4FDC3 /* Stripes.app */,
				88772F552410836500A4FDC3 /* StripesTests.xctest */,
				88772F602410836500A4FDC3 /* StripesUITests.xctest */,
			);
			name = Products;
			sourceTree = "<group>";
		};
		88772F412410835F00A4FDC3 /* Stripes */ = {
			isa = PBXGroup;
			children = (
				88772F762416C55900A4FDC3 /* Utility */,
				88772F722410837A00A4FDC3 /* Model */,
				88772F422410835F00A4FDC3 /* AppDelegate.swift */,
				88772F4B2410836400A4FDC3 /* Assets.xcassets */,
				88772F4D2410836400A4FDC3 /* LaunchScreen.storyboard */,
				88772F502410836500A4FDC3 /* Info.plist */,
			);
			path = Stripes;
			sourceTree = "<group>";
		};
		88772F582410836500A4FDC3 /* StripesTests */ = {
			isa = PBXGroup;
			children = (
				88772F592410836500A4FDC3 /* StripesTests.swift */,
				88772F5B2410836500A4FDC3 /* Info.plist */,
			);
			path = StripesTests;
			sourceTree = "<group>";
		};
		88772F632410836500A4FDC3 /* StripesUITests */ = {
			isa = PBXGroup;
			children = (
				88772F642410836500A4FDC3 /* StripesUITests.swift */,
				88772F662410836500A4FDC3 /* Info.plist */,
			);
			path = StripesUITests;
			sourceTree = "<group>";
		};
		88772F722410837A00A4FDC3 /* Model */ = {
			isa = PBXGroup;
			children = (
				88772F732410839800A4FDC3 /* Store.swift */,
				88772F8F24186D1B00A4FDC3 /* QuestionObserver.swift */,
				88772F8224172BBC00A4FDC3 /* QuestionPath.swift */,
			);
			path = Model;
			sourceTree = "<group>";
		};
		88772F752416C4C600A4FDC3 /* Views */ = {
			isa = PBXGroup;
			children = (
				88B2896E247750B50080C64A /* ViewAllTable */,
				88798EB4246725BC0011B446 /* AddData */,
				88798EAF246386720011B446 /* RecentsView */,
				88798EAC246254400011B446 /* SlidingWheelButton */,
				88798EA7245FB0020011B446 /* PopUps */,
				88772F462410835F00A4FDC3 /* StripesView.swift */,
				88772F9C24211D5700A4FDC3 /* TabBarController.swift */,
				88772F9E2422CCAE00A4FDC3 /* GraphView.swift */,
				88772FA02422CD0600A4FDC3 /* FormView.swift */,
			);
			path = Views;
			sourceTree = "<group>";
		};
		88772F762416C55900A4FDC3 /* Utility */ = {
			isa = PBXGroup;
			children = (
				88772F772416C57300A4FDC3 /* Colors.swift */,
				88772F932419B59800A4FDC3 /* Extensions.swift */,
				88772F752416C4C600A4FDC3 /* Views */,
			);
			path = Utility;
			sourceTree = "<group>";
		};
		88798EA7245FB0020011B446 /* PopUps */ = {
			isa = PBXGroup;
			children = (
				88772FA62426E47A00A4FDC3 /* PopDelegate.swift */,
				88772FA42424059A00A4FDC3 /* TextPopUp.swift */,
				88772F98241C596F00A4FDC3 /* ButtonPopUp.swift */,
				88798EA5245FAFFB0011B446 /* MessagePopUp.swift */,
				88798EA8245FB0260011B446 /* PopUp.swift */,
				88798EAA246097400011B446 /* SwipeableScrollView.swift */,
			);
			path = PopUps;
			sourceTree = "<group>";
		};
		88798EAC246254400011B446 /* SlidingWheelButton */ = {
			isa = PBXGroup;
			children = (
				88798EAD2462579F0011B446 /* SlidingButton.swift */,
			);
			path = SlidingWheelButton;
			sourceTree = "<group>";
		};
		88798EAF246386720011B446 /* RecentsView */ = {
			isa = PBXGroup;
			children = (
				88798EC0246C9C120011B446 /* RecentsView.swift */,
			);
			path = RecentsView;
			sourceTree = "<group>";
		};
		88798EB4246725BC0011B446 /* AddData */ = {
			isa = PBXGroup;
			children = (
				88B2896B2476DD2F0080C64A /* AddTestPath */,
				88798ECA24718D9C0011B446 /* AddWeightHeight */,
				88798EC4247087D20011B446 /* AddEvent */,
				88798EB9246779510011B446 /* AddSymptom */,
				88798EB5246726510011B446 /* BaseDataView.swift */,
				88798EB7246762BB0011B446 /* TableDataView.swift */,
				88798EBE246C6C500011B446 /* ImagePickerManager.swift */,
			);
			path = AddData;
			sourceTree = "<group>";
		};
		88798EB9246779510011B446 /* AddSymptom */ = {
			isa = PBXGroup;
			children = (
				88798EBA2467797F0011B446 /* AddSymptomsPath.swift */,
				88798EBC246B437B0011B446 /* SubmitView.swift */,
			);
			path = AddSymptom;
			sourceTree = "<group>";
		};
		88798EC4247087D20011B446 /* AddEvent */ = {
			isa = PBXGroup;
			children = (
				88798EC52470906D0011B446 /* AddEventsPath.swift */,
			);
			path = AddEvent;
			sourceTree = "<group>";
		};
		88798ECA24718D9C0011B446 /* AddWeightHeight */ = {
			isa = PBXGroup;
			children = (
				88798ECB24718E380011B446 /* AddWeightHeightView.swift */,
			);
			path = AddWeightHeight;
			sourceTree = "<group>";
		};
		88B2896B2476DD2F0080C64A /* AddTestPath */ = {
			isa = PBXGroup;
			children = (
				88B2896C247726B40080C64A /* AddTestPath.swift */,
			);
			path = AddTestPath;
			sourceTree = "<group>";
		};
		88B2896E247750B50080C64A /* ViewAllTable */ = {
			isa = PBXGroup;
			children = (
				88B2896F247752AA0080C64A /* ViewAllTable.swift */,
			);
			path = ViewAllTable;
			sourceTree = "<group>";
		};
/* End PBXGroup section */

/* Begin PBXNativeTarget section */
		88772F3E2410835E00A4FDC3 /* Stripes */ = {
			isa = PBXNativeTarget;
			buildConfigurationList = 88772F692410836500A4FDC3 /* Build configuration list for PBXNativeTarget "Stripes" */;
			buildPhases = (
				88772F3B2410835E00A4FDC3 /* Sources */,
				88772F3C2410835E00A4FDC3 /* Frameworks */,
				88772F3D2410835E00A4FDC3 /* Resources */,
				88772F802416C7D100A4FDC3 /* ShellScript */,
			);
			buildRules = (
			);
			dependencies = (
			);
			name = Stripes;
			productName = Stripes;
			productReference = 88772F3F2410835F00A4FDC3 /* Stripes.app */;
			productType = "com.apple.product-type.application";
		};
		88772F542410836500A4FDC3 /* StripesTests */ = {
			isa = PBXNativeTarget;
			buildConfigurationList = 88772F6C2410836500A4FDC3 /* Build configuration list for PBXNativeTarget "StripesTests" */;
			buildPhases = (
				88772F512410836500A4FDC3 /* Sources */,
				88772F522410836500A4FDC3 /* Frameworks */,
				88772F532410836500A4FDC3 /* Resources */,
			);
			buildRules = (
			);
			dependencies = (
				88772F572410836500A4FDC3 /* PBXTargetDependency */,
			);
			name = StripesTests;
			productName = StripesTests;
			productReference = 88772F552410836500A4FDC3 /* StripesTests.xctest */;
			productType = "com.apple.product-type.bundle.unit-test";
		};
		88772F5F2410836500A4FDC3 /* StripesUITests */ = {
			isa = PBXNativeTarget;
			buildConfigurationList = 88772F6F2410836500A4FDC3 /* Build configuration list for PBXNativeTarget "StripesUITests" */;
			buildPhases = (
				88772F5C2410836500A4FDC3 /* Sources */,
				88772F5D2410836500A4FDC3 /* Frameworks */,
				88772F5E2410836500A4FDC3 /* Resources */,
			);
			buildRules = (
			);
			dependencies = (
				88772F622410836500A4FDC3 /* PBXTargetDependency */,
			);
			name = StripesUITests;
			productName = StripesUITests;
			productReference = 88772F602410836500A4FDC3 /* StripesUITests.xctest */;
			productType = "com.apple.product-type.bundle.ui-testing";
		};
/* End PBXNativeTarget section */

/* Begin PBXProject section */
		88772F372410835E00A4FDC3 /* Project object */ = {
			isa = PBXProject;
			attributes = {
				LastSwiftUpdateCheck = 1130;
				LastUpgradeCheck = 1130;
				ORGANIZATIONNAME = "Dylan Baker";
				TargetAttributes = {
					88772F3E2410835E00A4FDC3 = {
						CreatedOnToolsVersion = 11.3.1;
					};
					88772F542410836500A4FDC3 = {
						CreatedOnToolsVersion = 11.3.1;
						TestTargetID = 88772F3E2410835E00A4FDC3;
					};
					88772F5F2410836500A4FDC3 = {
						CreatedOnToolsVersion = 11.3.1;
						TestTargetID = 88772F3E2410835E00A4FDC3;
					};
				};
			};
			buildConfigurationList = 88772F3A2410835E00A4FDC3 /* Build configuration list for PBXProject "Stripes" */;
			compatibilityVersion = "Xcode 9.3";
			developmentRegion = en;
			hasScannedForEncodings = 0;
			knownRegions = (
				en,
				Base,
			);
			mainGroup = 88772F362410835E00A4FDC3;
			productRefGroup = 88772F402410835F00A4FDC3 /* Products */;
			projectDirPath = "";
			projectRoot = "";
			targets = (
				88772F3E2410835E00A4FDC3 /* Stripes */,
				88772F542410836500A4FDC3 /* StripesTests */,
				88772F5F2410836500A4FDC3 /* StripesUITests */,
			);
		};
/* End PBXProject section */

/* Begin PBXResourcesBuildPhase section */
		88772F3D2410835E00A4FDC3 /* Resources */ = {
			isa = PBXResourcesBuildPhase;
			buildActionMask = 2147483647;
			files = (
				88772F4F2410836400A4FDC3 /* LaunchScreen.storyboard in Resources */,
				88772F4C2410836400A4FDC3 /* Assets.xcassets in Resources */,
			);
			runOnlyForDeploymentPostprocessing = 0;
		};
		88772F532410836500A4FDC3 /* Resources */ = {
			isa = PBXResourcesBuildPhase;
			buildActionMask = 2147483647;
			files = (
			);
			runOnlyForDeploymentPostprocessing = 0;
		};
		88772F5E2410836500A4FDC3 /* Resources */ = {
			isa = PBXResourcesBuildPhase;
			buildActionMask = 2147483647;
			files = (
			);
			runOnlyForDeploymentPostprocessing = 0;
		};
/* End PBXResourcesBuildPhase section */

/* Begin PBXShellScriptBuildPhase section */
		88772F802416C7D100A4FDC3 /* ShellScript */ = {
			isa = PBXShellScriptBuildPhase;
			buildActionMask = 2147483647;
			files = (
			);
			inputFileListPaths = (
			);
			inputPaths = (
				"$(SRCROOT)/Carthage/Build/iOS/Charts.framework",
				"$(SRCROOT)/Carthage/Build/iOS/SwiftKeychainWrapper.framework",
			);
			outputFileListPaths = (
			);
			outputPaths = (
				"$(BUILT_PRODUCTS_DIR)/$(FRAMEWORKS_FOLDER_PATH)/Charts.framework",
				"$(BUILT_PRODUCTS_DIR)/$(FRAMEWORKS_FOLDER_PATH)/SwiftKeychainWrapper.framework",
			);
			runOnlyForDeploymentPostprocessing = 0;
			shellPath = /bin/sh;
			shellScript = "/usr/local/bin/carthage copy-frameworks\n";
		};
/* End PBXShellScriptBuildPhase section */

/* Begin PBXSourcesBuildPhase section */
		88772F3B2410835E00A4FDC3 /* Sources */ = {
			isa = PBXSourcesBuildPhase;
			buildActionMask = 2147483647;
			files = (
				88772FA12422CD0600A4FDC3 /* FormView.swift in Sources */,
				88798EC62470906D0011B446 /* AddEventsPath.swift in Sources */,
				88798EBB2467797F0011B446 /* AddSymptomsPath.swift in Sources */,
				88772F472410835F00A4FDC3 /* StripesView.swift in Sources */,
				88798EB8246762BB0011B446 /* TableDataView.swift in Sources */,
				88772F942419B59800A4FDC3 /* Extensions.swift in Sources */,
				88772F9024186D1B00A4FDC3 /* QuestionObserver.swift in Sources */,
				88772F9F2422CCAE00A4FDC3 /* GraphView.swift in Sources */,
				88798ECC24718E380011B446 /* AddWeightHeightView.swift in Sources */,
				88798EA6245FAFFB0011B446 /* MessagePopUp.swift in Sources */,
				88772F9D24211D5700A4FDC3 /* TabBarController.swift in Sources */,
				88772F8324172BBC00A4FDC3 /* QuestionPath.swift in Sources */,
				88798EBF246C6C500011B446 /* ImagePickerManager.swift in Sources */,
				88798EBD246B437B0011B446 /* SubmitView.swift in Sources */,
				88772FA52424059A00A4FDC3 /* TextPopUp.swift in Sources */,
				88772F782416C57300A4FDC3 /* Colors.swift in Sources */,
				88798EAB246097400011B446 /* SwipeableScrollView.swift in Sources */,
				88798EA9245FB0260011B446 /* PopUp.swift in Sources */,
				88772F432410835F00A4FDC3 /* AppDelegate.swift in Sources */,
				88772FA72426E47A00A4FDC3 /* PopDelegate.swift in Sources */,
				88B28970247752AB0080C64A /* ViewAllTable.swift in Sources */,
				88772F99241C596F00A4FDC3 /* ButtonPopUp.swift in Sources */,
				88798EC1246C9C120011B446 /* RecentsView.swift in Sources */,
				88B2896D247726B40080C64A /* AddTestPath.swift in Sources */,
				88798EB6246726510011B446 /* BaseDataView.swift in Sources */,
				88798EAE2462579F0011B446 /* SlidingButton.swift in Sources */,
				88772F742410839800A4FDC3 /* Store.swift in Sources */,
			);
			runOnlyForDeploymentPostprocessing = 0;
		};
		88772F512410836500A4FDC3 /* Sources */ = {
			isa = PBXSourcesBuildPhase;
			buildActionMask = 2147483647;
			files = (
				88772F5A2410836500A4FDC3 /* StripesTests.swift in Sources */,
			);
			runOnlyForDeploymentPostprocessing = 0;
		};
		88772F5C2410836500A4FDC3 /* Sources */ = {
			isa = PBXSourcesBuildPhase;
			buildActionMask = 2147483647;
			files = (
				88772F652410836500A4FDC3 /* StripesUITests.swift in Sources */,
			);
			runOnlyForDeploymentPostprocessing = 0;
		};
/* End PBXSourcesBuildPhase section */

/* Begin PBXTargetDependency section */
		88772F572410836500A4FDC3 /* PBXTargetDependency */ = {
			isa = PBXTargetDependency;
			target = 88772F3E2410835E00A4FDC3 /* Stripes */;
			targetProxy = 88772F562410836500A4FDC3 /* PBXContainerItemProxy */;
		};
		88772F622410836500A4FDC3 /* PBXTargetDependency */ = {
			isa = PBXTargetDependency;
			target = 88772F3E2410835E00A4FDC3 /* Stripes */;
			targetProxy = 88772F612410836500A4FDC3 /* PBXContainerItemProxy */;
		};
/* End PBXTargetDependency section */

/* Begin PBXVariantGroup section */
		88772F4D2410836400A4FDC3 /* LaunchScreen.storyboard */ = {
			isa = PBXVariantGroup;
			children = (
				88772F4E2410836400A4FDC3 /* Base */,
			);
			name = LaunchScreen.storyboard;
			sourceTree = "<group>";
		};
/* End PBXVariantGroup section */

/* Begin XCBuildConfiguration section */
		88772F672410836500A4FDC3 /* Debug */ = {
			isa = XCBuildConfiguration;
			buildSettings = {
				ALWAYS_SEARCH_USER_PATHS = NO;
				CLANG_ANALYZER_NONNULL = YES;
				CLANG_ANALYZER_NUMBER_OBJECT_CONVERSION = YES_AGGRESSIVE;
				CLANG_CXX_LANGUAGE_STANDARD = "gnu++14";
				CLANG_CXX_LIBRARY = "libc++";
				CLANG_ENABLE_MODULES = YES;
				CLANG_ENABLE_OBJC_ARC = YES;
				CLANG_ENABLE_OBJC_WEAK = YES;
				CLANG_WARN_BLOCK_CAPTURE_AUTORELEASING = YES;
				CLANG_WARN_BOOL_CONVERSION = YES;
				CLANG_WARN_COMMA = YES;
				CLANG_WARN_CONSTANT_CONVERSION = YES;
				CLANG_WARN_DEPRECATED_OBJC_IMPLEMENTATIONS = YES;
				CLANG_WARN_DIRECT_OBJC_ISA_USAGE = YES_ERROR;
				CLANG_WARN_DOCUMENTATION_COMMENTS = YES;
				CLANG_WARN_EMPTY_BODY = YES;
				CLANG_WARN_ENUM_CONVERSION = YES;
				CLANG_WARN_INFINITE_RECURSION = YES;
				CLANG_WARN_INT_CONVERSION = YES;
				CLANG_WARN_NON_LITERAL_NULL_CONVERSION = YES;
				CLANG_WARN_OBJC_IMPLICIT_RETAIN_SELF = YES;
				CLANG_WARN_OBJC_LITERAL_CONVERSION = YES;
				CLANG_WARN_OBJC_ROOT_CLASS = YES_ERROR;
				CLANG_WARN_RANGE_LOOP_ANALYSIS = YES;
				CLANG_WARN_STRICT_PROTOTYPES = YES;
				CLANG_WARN_SUSPICIOUS_MOVE = YES;
				CLANG_WARN_UNGUARDED_AVAILABILITY = YES_AGGRESSIVE;
				CLANG_WARN_UNREACHABLE_CODE = YES;
				CLANG_WARN__DUPLICATE_METHOD_MATCH = YES;
				COPY_PHASE_STRIP = NO;
				DEBUG_INFORMATION_FORMAT = dwarf;
				ENABLE_STRICT_OBJC_MSGSEND = YES;
				ENABLE_TESTABILITY = YES;
				GCC_C_LANGUAGE_STANDARD = gnu11;
				GCC_DYNAMIC_NO_PIC = NO;
				GCC_NO_COMMON_BLOCKS = YES;
				GCC_OPTIMIZATION_LEVEL = 0;
				GCC_PREPROCESSOR_DEFINITIONS = (
					"DEBUG=1",
					"$(inherited)",
				);
				GCC_WARN_64_TO_32_BIT_CONVERSION = YES;
				GCC_WARN_ABOUT_RETURN_TYPE = YES_ERROR;
				GCC_WARN_UNDECLARED_SELECTOR = YES;
				GCC_WARN_UNINITIALIZED_AUTOS = YES_AGGRESSIVE;
				GCC_WARN_UNUSED_FUNCTION = YES;
				GCC_WARN_UNUSED_VARIABLE = YES;
				IPHONEOS_DEPLOYMENT_TARGET = 13.2;
				MTL_ENABLE_DEBUG_INFO = INCLUDE_SOURCE;
				MTL_FAST_MATH = YES;
				ONLY_ACTIVE_ARCH = YES;
				SDKROOT = iphoneos;
				SWIFT_ACTIVE_COMPILATION_CONDITIONS = DEBUG;
				SWIFT_OPTIMIZATION_LEVEL = "-Onone";
			};
			name = Debug;
		};
		88772F682410836500A4FDC3 /* Release */ = {
			isa = XCBuildConfiguration;
			buildSettings = {
				ALWAYS_SEARCH_USER_PATHS = NO;
				CLANG_ANALYZER_NONNULL = YES;
				CLANG_ANALYZER_NUMBER_OBJECT_CONVERSION = YES_AGGRESSIVE;
				CLANG_CXX_LANGUAGE_STANDARD = "gnu++14";
				CLANG_CXX_LIBRARY = "libc++";
				CLANG_ENABLE_MODULES = YES;
				CLANG_ENABLE_OBJC_ARC = YES;
				CLANG_ENABLE_OBJC_WEAK = YES;
				CLANG_WARN_BLOCK_CAPTURE_AUTORELEASING = YES;
				CLANG_WARN_BOOL_CONVERSION = YES;
				CLANG_WARN_COMMA = YES;
				CLANG_WARN_CONSTANT_CONVERSION = YES;
				CLANG_WARN_DEPRECATED_OBJC_IMPLEMENTATIONS = YES;
				CLANG_WARN_DIRECT_OBJC_ISA_USAGE = YES_ERROR;
				CLANG_WARN_DOCUMENTATION_COMMENTS = YES;
				CLANG_WARN_EMPTY_BODY = YES;
				CLANG_WARN_ENUM_CONVERSION = YES;
				CLANG_WARN_INFINITE_RECURSION = YES;
				CLANG_WARN_INT_CONVERSION = YES;
				CLANG_WARN_NON_LITERAL_NULL_CONVERSION = YES;
				CLANG_WARN_OBJC_IMPLICIT_RETAIN_SELF = YES;
				CLANG_WARN_OBJC_LITERAL_CONVERSION = YES;
				CLANG_WARN_OBJC_ROOT_CLASS = YES_ERROR;
				CLANG_WARN_RANGE_LOOP_ANALYSIS = YES;
				CLANG_WARN_STRICT_PROTOTYPES = YES;
				CLANG_WARN_SUSPICIOUS_MOVE = YES;
				CLANG_WARN_UNGUARDED_AVAILABILITY = YES_AGGRESSIVE;
				CLANG_WARN_UNREACHABLE_CODE = YES;
				CLANG_WARN__DUPLICATE_METHOD_MATCH = YES;
				COPY_PHASE_STRIP = NO;
				DEBUG_INFORMATION_FORMAT = "dwarf-with-dsym";
				ENABLE_NS_ASSERTIONS = NO;
				ENABLE_STRICT_OBJC_MSGSEND = YES;
				GCC_C_LANGUAGE_STANDARD = gnu11;
				GCC_NO_COMMON_BLOCKS = YES;
				GCC_WARN_64_TO_32_BIT_CONVERSION = YES;
				GCC_WARN_ABOUT_RETURN_TYPE = YES_ERROR;
				GCC_WARN_UNDECLARED_SELECTOR = YES;
				GCC_WARN_UNINITIALIZED_AUTOS = YES_AGGRESSIVE;
				GCC_WARN_UNUSED_FUNCTION = YES;
				GCC_WARN_UNUSED_VARIABLE = YES;
				IPHONEOS_DEPLOYMENT_TARGET = 13.2;
				MTL_ENABLE_DEBUG_INFO = NO;
				MTL_FAST_MATH = YES;
				SDKROOT = iphoneos;
				SWIFT_COMPILATION_MODE = wholemodule;
				SWIFT_OPTIMIZATION_LEVEL = "-O";
				VALIDATE_PRODUCT = YES;
			};
			name = Release;
		};
		88772F6A2410836500A4FDC3 /* Debug */ = {
			isa = XCBuildConfiguration;
			buildSettings = {
				ASSETCATALOG_COMPILER_APPICON_NAME = AppIcon;
				CODE_SIGN_STYLE = Automatic;
				DEVELOPMENT_TEAM = N2YK7Z25G9;
				FRAMEWORK_SEARCH_PATHS = (
					"$(inherited)",
					"$(PROJECT_DIR)/Carthage/Build/iOS",
					"$(PROJECT_DIR)",
				);
				INFOPLIST_FILE = Stripes/Info.plist;
				IPHONEOS_DEPLOYMENT_TARGET = 11.0;
				LD_RUNPATH_SEARCH_PATHS = (
					"$(inherited)",
					"@executable_path/Frameworks",
				);
				PRODUCT_BUNDLE_IDENTIFIER = appcrashers.Stripes;
				PRODUCT_NAME = "$(TARGET_NAME)";
				SWIFT_VERSION = 5.0;
				TARGETED_DEVICE_FAMILY = 1;
			};
			name = Debug;
		};
		88772F6B2410836500A4FDC3 /* Release */ = {
			isa = XCBuildConfiguration;
			buildSettings = {
				ASSETCATALOG_COMPILER_APPICON_NAME = AppIcon;
				CODE_SIGN_STYLE = Automatic;
				DEVELOPMENT_TEAM = N2YK7Z25G9;
				FRAMEWORK_SEARCH_PATHS = (
					"$(inherited)",
					"$(PROJECT_DIR)/Carthage/Build/iOS",
					"$(PROJECT_DIR)",
				);
				INFOPLIST_FILE = Stripes/Info.plist;
				IPHONEOS_DEPLOYMENT_TARGET = 11.0;
				LD_RUNPATH_SEARCH_PATHS = (
					"$(inherited)",
					"@executable_path/Frameworks",
				);
				PRODUCT_BUNDLE_IDENTIFIER = appcrashers.Stripes;
				PRODUCT_NAME = "$(TARGET_NAME)";
				SWIFT_VERSION = 5.0;
				TARGETED_DEVICE_FAMILY = 1;
			};
			name = Release;
		};
		88772F6D2410836500A4FDC3 /* Debug */ = {
			isa = XCBuildConfiguration;
			buildSettings = {
				ALWAYS_EMBED_SWIFT_STANDARD_LIBRARIES = YES;
				BUNDLE_LOADER = "$(TEST_HOST)";
				CODE_SIGN_STYLE = Automatic;
				INFOPLIST_FILE = StripesTests/Info.plist;
				IPHONEOS_DEPLOYMENT_TARGET = 13.2;
				LD_RUNPATH_SEARCH_PATHS = (
					"$(inherited)",
					"@executable_path/Frameworks",
					"@loader_path/Frameworks",
				);
				PRODUCT_BUNDLE_IDENTIFIER = appcrashers.StripesTests;
				PRODUCT_NAME = "$(TARGET_NAME)";
				SWIFT_VERSION = 5.0;
				TARGETED_DEVICE_FAMILY = "1,2";
				TEST_HOST = "$(BUILT_PRODUCTS_DIR)/Stripes.app/Stripes";
			};
			name = Debug;
		};
		88772F6E2410836500A4FDC3 /* Release */ = {
			isa = XCBuildConfiguration;
			buildSettings = {
				ALWAYS_EMBED_SWIFT_STANDARD_LIBRARIES = YES;
				BUNDLE_LOADER = "$(TEST_HOST)";
				CODE_SIGN_STYLE = Automatic;
				INFOPLIST_FILE = StripesTests/Info.plist;
				IPHONEOS_DEPLOYMENT_TARGET = 13.2;
				LD_RUNPATH_SEARCH_PATHS = (
					"$(inherited)",
					"@executable_path/Frameworks",
					"@loader_path/Frameworks",
				);
				PRODUCT_BUNDLE_IDENTIFIER = appcrashers.StripesTests;
				PRODUCT_NAME = "$(TARGET_NAME)";
				SWIFT_VERSION = 5.0;
				TARGETED_DEVICE_FAMILY = "1,2";
				TEST_HOST = "$(BUILT_PRODUCTS_DIR)/Stripes.app/Stripes";
			};
			name = Release;
		};
		88772F702410836500A4FDC3 /* Debug */ = {
			isa = XCBuildConfiguration;
			buildSettings = {
				ALWAYS_EMBED_SWIFT_STANDARD_LIBRARIES = YES;
				CODE_SIGN_STYLE = Automatic;
				INFOPLIST_FILE = StripesUITests/Info.plist;
				LD_RUNPATH_SEARCH_PATHS = (
					"$(inherited)",
					"@executable_path/Frameworks",
					"@loader_path/Frameworks",
				);
				PRODUCT_BUNDLE_IDENTIFIER = appcrashers.StripesUITests;
				PRODUCT_NAME = "$(TARGET_NAME)";
				SWIFT_VERSION = 5.0;
				TARGETED_DEVICE_FAMILY = "1,2";
				TEST_TARGET_NAME = Stripes;
			};
			name = Debug;
		};
		88772F712410836500A4FDC3 /* Release */ = {
			isa = XCBuildConfiguration;
			buildSettings = {
				ALWAYS_EMBED_SWIFT_STANDARD_LIBRARIES = YES;
				CODE_SIGN_STYLE = Automatic;
				INFOPLIST_FILE = StripesUITests/Info.plist;
				LD_RUNPATH_SEARCH_PATHS = (
					"$(inherited)",
					"@executable_path/Frameworks",
					"@loader_path/Frameworks",
				);
				PRODUCT_BUNDLE_IDENTIFIER = appcrashers.StripesUITests;
				PRODUCT_NAME = "$(TARGET_NAME)";
				SWIFT_VERSION = 5.0;
				TARGETED_DEVICE_FAMILY = "1,2";
				TEST_TARGET_NAME = Stripes;
			};
			name = Release;
		};
/* End XCBuildConfiguration section */

/* Begin XCConfigurationList section */
		88772F3A2410835E00A4FDC3 /* Build configuration list for PBXProject "Stripes" */ = {
			isa = XCConfigurationList;
			buildConfigurations = (
				88772F672410836500A4FDC3 /* Debug */,
				88772F682410836500A4FDC3 /* Release */,
			);
			defaultConfigurationIsVisible = 0;
			defaultConfigurationName = Release;
		};
		88772F692410836500A4FDC3 /* Build configuration list for PBXNativeTarget "Stripes" */ = {
			isa = XCConfigurationList;
			buildConfigurations = (
				88772F6A2410836500A4FDC3 /* Debug */,
				88772F6B2410836500A4FDC3 /* Release */,
			);
			defaultConfigurationIsVisible = 0;
			defaultConfigurationName = Release;
		};
		88772F6C2410836500A4FDC3 /* Build configuration list for PBXNativeTarget "StripesTests" */ = {
			isa = XCConfigurationList;
			buildConfigurations = (
				88772F6D2410836500A4FDC3 /* Debug */,
				88772F6E2410836500A4FDC3 /* Release */,
			);
			defaultConfigurationIsVisible = 0;
			defaultConfigurationName = Release;
		};
		88772F6F2410836500A4FDC3 /* Build configuration list for PBXNativeTarget "StripesUITests" */ = {
			isa = XCConfigurationList;
			buildConfigurations = (
				88772F702410836500A4FDC3 /* Debug */,
				88772F712410836500A4FDC3 /* Release */,
			);
			defaultConfigurationIsVisible = 0;
			defaultConfigurationName = Release;
		};
/* End XCConfigurationList section */
	};
	rootObject = 88772F372410835E00A4FDC3 /* Project object */;
}
